
Microsoft Visual Studio Solution File, Format Version 12.00
# Visual Studio Version 17
VisualStudioVersion = 17.0.31903.59
MinimumVisualStudioVersion = 10.0.40219.1
Project("{2150E333-8FDC-42A3-9474-1A3956D46DE8}") = "Services", "Services", "{5854FF58-B8C5-05C6-5BF2-ACE42193F22B}"
EndProject
Project("{2150E333-8FDC-42A3-9474-1A3956D46DE8}") = "Submissions", "Submissions", "{589161A9-114D-DA97-8BC8-A5330634F303}"
EndProject
Project("{FAE04EC0-301F-11D3-BF4B-00C04F79EFBC}") = "Submission.API", "Services\Submissions\Submission.API\Submission.API.csproj", "{92283FE3-FD4A-4FF6-BC19-237FC6798F2B}"
EndProject
Project("{FAE04EC0-301F-11D3-BF4B-00C04F79EFBC}") = "Submission.Application", "Services\Submissions\Submission.Application\Submission.Application.csproj", "{730F1B3A-37F4-4F60-A8B6-DDD0B3CB0C2F}"
EndProject
Project("{FAE04EC0-301F-11D3-BF4B-00C04F79EFBC}") = "Submission.Domain", "Services\Submissions\Submission.Domain\Submission.Domain.csproj", "{832F867A-28BA-4EFC-B533-021881D97ECE}"
EndProject
Project("{FAE04EC0-301F-11D3-BF4B-00C04F79EFBC}") = "Submission.Persistence", "Services\Submissions\Submission.Persistence\Submission.Persistence.csproj", "{0380FC2A-B531-41B6-B26D-8C34AF3EF059}"
EndProject
Project("{2150E333-8FDC-42A3-9474-1A3956D46DE8}") = "BuildingBlocks", "BuildingBlocks", "{7266C4A9-E384-DC00-0EB6-47F6002CFBA7}"
EndProject
Project("{FAE04EC0-301F-11D3-BF4B-00C04F79EFBC}") = "Articles.Abstractions", "BuildingBlocks\Articles.Abstractions\Articles.Abstractions.csproj", "{EAAE9B3A-A7D9-45DF-8560-3DBA48FD2711}"
EndProject
Project("{FAE04EC0-301F-11D3-BF4B-00C04F79EFBC}") = "Blocks.EntityFramework", "BuildingBlocks\Blocks.EntityFramework\Blocks.EntityFramework.csproj", "{E452B928-EE75-42D6-94A8-90DCF93FF766}"
EndProject
Project("{FAE04EC0-301F-11D3-BF4B-00C04F79EFBC}") = "Blocks.Domain", "BuildingBlocks\Blocks.Domain\Blocks.Domain.csproj", "{93BF9F5C-DF61-4B01-86E4-2DFE8DF8DAD7}"
EndProject
Project("{FAE04EC0-301F-11D3-BF4B-00C04F79EFBC}") = "Blocks.MediatR", "BuildingBlocks\Blocks.MediatR\Blocks.MediatR.csproj", "{3479380D-E83A-4B1A-A5C9-06BA50609185}"
EndProject
Project("{FAE04EC0-301F-11D3-BF4B-00C04F79EFBC}") = "Blocks.Exceptions", "BuildingBlocks\Blocks.Exceptions\Blocks.Exceptions.csproj", "{E07968CA-9AE7-4B31-9646-30BD2CE68905}"
EndProject
Project("{FAE04EC0-301F-11D3-BF4B-00C04F79EFBC}") = "Blocks.Core", "BuildingBlocks\Blocks.Core\Blocks.Core.csproj", "{9F256B00-DE8F-4568-8FBD-DD0F188BF090}"
EndProject
Project("{FAE04EC0-301F-11D3-BF4B-00C04F79EFBC}") = "Articles.Security", "BuildingBlocks\Articles.Security\Articles.Security.csproj", "{23C7B27E-EC4E-406E-B744-E049D9AE5FD7}"
EndProject
Global
	GlobalSection(SolutionConfigurationPlatforms) = preSolution
		Debug|Any CPU = Debug|Any CPU
		Debug|x64 = Debug|x64
		Debug|x86 = Debug|x86
		Release|Any CPU = Release|Any CPU
		Release|x64 = Release|x64
		Release|x86 = Release|x86
	EndGlobalSection
	GlobalSection(ProjectConfigurationPlatforms) = postSolution
		{92283FE3-FD4A-4FF6-BC19-237FC6798F2B}.Debug|Any CPU.ActiveCfg = Debug|Any CPU
		{92283FE3-FD4A-4FF6-BC19-237FC6798F2B}.Debug|Any CPU.Build.0 = Debug|Any CPU
		{92283FE3-FD4A-4FF6-BC19-237FC6798F2B}.Debug|x64.ActiveCfg = Debug|Any CPU
		{92283FE3-FD4A-4FF6-BC19-237FC6798F2B}.Debug|x64.Build.0 = Debug|Any CPU
		{92283FE3-FD4A-4FF6-BC19-237FC6798F2B}.Debug|x86.ActiveCfg = Debug|Any CPU
		{92283FE3-FD4A-4FF6-BC19-237FC6798F2B}.Debug|x86.Build.0 = Debug|Any CPU
		{92283FE3-FD4A-4FF6-BC19-237FC6798F2B}.Release|Any CPU.ActiveCfg = Release|Any CPU
		{92283FE3-FD4A-4FF6-BC19-237FC6798F2B}.Release|Any CPU.Build.0 = Release|Any CPU
		{92283FE3-FD4A-4FF6-BC19-237FC6798F2B}.Release|x64.ActiveCfg = Release|Any CPU
		{92283FE3-FD4A-4FF6-BC19-237FC6798F2B}.Release|x64.Build.0 = Release|Any CPU
		{92283FE3-FD4A-4FF6-BC19-237FC6798F2B}.Release|x86.ActiveCfg = Release|Any CPU
		{92283FE3-FD4A-4FF6-BC19-237FC6798F2B}.Release|x86.Build.0 = Release|Any CPU
		{730F1B3A-37F4-4F60-A8B6-DDD0B3CB0C2F}.Debug|Any CPU.ActiveCfg = Debug|Any CPU
		{730F1B3A-37F4-4F60-A8B6-DDD0B3CB0C2F}.Debug|Any CPU.Build.0 = Debug|Any CPU
		{730F1B3A-37F4-4F60-A8B6-DDD0B3CB0C2F}.Debug|x64.ActiveCfg = Debug|Any CPU
		{730F1B3A-37F4-4F60-A8B6-DDD0B3CB0C2F}.Debug|x64.Build.0 = Debug|Any CPU
		{730F1B3A-37F4-4F60-A8B6-DDD0B3CB0C2F}.Debug|x86.ActiveCfg = Debug|Any CPU
		{730F1B3A-37F4-4F60-A8B6-DDD0B3CB0C2F}.Debug|x86.Build.0 = Debug|Any CPU
		{730F1B3A-37F4-4F60-A8B6-DDD0B3CB0C2F}.Release|Any CPU.ActiveCfg = Release|Any CPU
		{730F1B3A-37F4-4F60-A8B6-DDD0B3CB0C2F}.Release|Any CPU.Build.0 = Release|Any CPU
		{730F1B3A-37F4-4F60-A8B6-DDD0B3CB0C2F}.Release|x64.ActiveCfg = Release|Any CPU
		{730F1B3A-37F4-4F60-A8B6-DDD0B3CB0C2F}.Release|x64.Build.0 = Release|Any CPU
		{730F1B3A-37F4-4F60-A8B6-DDD0B3CB0C2F}.Release|x86.ActiveCfg = Release|Any CPU
		{730F1B3A-37F4-4F60-A8B6-DDD0B3CB0C2F}.Release|x86.Build.0 = Release|Any CPU
		{832F867A-28BA-4EFC-B533-021881D97ECE}.Debug|Any CPU.ActiveCfg = Debug|Any CPU
		{832F867A-28BA-4EFC-B533-021881D97ECE}.Debug|Any CPU.Build.0 = Debug|Any CPU
		{832F867A-28BA-4EFC-B533-021881D97ECE}.Debug|x64.ActiveCfg = Debug|Any CPU
		{832F867A-28BA-4EFC-B533-021881D97ECE}.Debug|x64.Build.0 = Debug|Any CPU
		{832F867A-28BA-4EFC-B533-021881D97ECE}.Debug|x86.ActiveCfg = Debug|Any CPU
		{832F867A-28BA-4EFC-B533-021881D97ECE}.Debug|x86.Build.0 = Debug|Any CPU
		{832F867A-28BA-4EFC-B533-021881D97ECE}.Release|Any CPU.ActiveCfg = Release|Any CPU
		{832F867A-28BA-4EFC-B533-021881D97ECE}.Release|Any CPU.Build.0 = Release|Any CPU
		{832F867A-28BA-4EFC-B533-021881D97ECE}.Release|x64.ActiveCfg = Release|Any CPU
		{832F867A-28BA-4EFC-B533-021881D97ECE}.Release|x64.Build.0 = Release|Any CPU
		{832F867A-28BA-4EFC-B533-021881D97ECE}.Release|x86.ActiveCfg = Release|Any CPU
		{832F867A-28BA-4EFC-B533-021881D97ECE}.Release|x86.Build.0 = Release|Any CPU
		{0380FC2A-B531-41B6-B26D-8C34AF3EF059}.Debug|Any CPU.ActiveCfg = Debug|Any CPU
		{0380FC2A-B531-41B6-B26D-8C34AF3EF059}.Debug|Any CPU.Build.0 = Debug|Any CPU
		{0380FC2A-B531-41B6-B26D-8C34AF3EF059}.Debug|x64.ActiveCfg = Debug|Any CPU
		{0380FC2A-B531-41B6-B26D-8C34AF3EF059}.Debug|x64.Build.0 = Debug|Any CPU
		{0380FC2A-B531-41B6-B26D-8C34AF3EF059}.Debug|x86.ActiveCfg = Debug|Any CPU
		{0380FC2A-B531-41B6-B26D-8C34AF3EF059}.Debug|x86.Build.0 = Debug|Any CPU
		{0380FC2A-B531-41B6-B26D-8C34AF3EF059}.Release|Any CPU.ActiveCfg = Release|Any CPU
		{0380FC2A-B531-41B6-B26D-8C34AF3EF059}.Release|Any CPU.Build.0 = Release|Any CPU
		{0380FC2A-B531-41B6-B26D-8C34AF3EF059}.Release|x64.ActiveCfg = Release|Any CPU
		{0380FC2A-B531-41B6-B26D-8C34AF3EF059}.Release|x64.Build.0 = Release|Any CPU
		{0380FC2A-B531-41B6-B26D-8C34AF3EF059}.Release|x86.ActiveCfg = Release|Any CPU
		{0380FC2A-B531-41B6-B26D-8C34AF3EF059}.Release|x86.Build.0 = Release|Any CPU
		{EAAE9B3A-A7D9-45DF-8560-3DBA48FD2711}.Debug|Any CPU.ActiveCfg = Debug|Any CPU
		{EAAE9B3A-A7D9-45DF-8560-3DBA48FD2711}.Debug|Any CPU.Build.0 = Debug|Any CPU
		{EAAE9B3A-A7D9-45DF-8560-3DBA48FD2711}.Debug|x64.ActiveCfg = Debug|Any CPU
		{EAAE9B3A-A7D9-45DF-8560-3DBA48FD2711}.Debug|x64.Build.0 = Debug|Any CPU
		{EAAE9B3A-A7D9-45DF-8560-3DBA48FD2711}.Debug|x86.ActiveCfg = Debug|Any CPU
		{EAAE9B3A-A7D9-45DF-8560-3DBA48FD2711}.Debug|x86.Build.0 = Debug|Any CPU
		{EAAE9B3A-A7D9-45DF-8560-3DBA48FD2711}.Release|Any CPU.ActiveCfg = Release|Any CPU
		{EAAE9B3A-A7D9-45DF-8560-3DBA48FD2711}.Release|Any CPU.Build.0 = Release|Any CPU
		{EAAE9B3A-A7D9-45DF-8560-3DBA48FD2711}.Release|x64.ActiveCfg = Release|Any CPU
		{EAAE9B3A-A7D9-45DF-8560-3DBA48FD2711}.Release|x64.Build.0 = Release|Any CPU
		{EAAE9B3A-A7D9-45DF-8560-3DBA48FD2711}.Release|x86.ActiveCfg = Release|Any CPU
		{EAAE9B3A-A7D9-45DF-8560-3DBA48FD2711}.Release|x86.Build.0 = Release|Any CPU
		{E452B928-EE75-42D6-94A8-90DCF93FF766}.Debug|Any CPU.ActiveCfg = Debug|Any CPU
		{E452B928-EE75-42D6-94A8-90DCF93FF766}.Debug|Any CPU.Build.0 = Debug|Any CPU
		{E452B928-EE75-42D6-94A8-90DCF93FF766}.Debug|x64.ActiveCfg = Debug|Any CPU
		{E452B928-EE75-42D6-94A8-90DCF93FF766}.Debug|x64.Build.0 = Debug|Any CPU
		{E452B928-EE75-42D6-94A8-90DCF93FF766}.Debug|x86.ActiveCfg = Debug|Any CPU
		{E452B928-EE75-42D6-94A8-90DCF93FF766}.Debug|x86.Build.0 = Debug|Any CPU
		{E452B928-EE75-42D6-94A8-90DCF93FF766}.Release|Any CPU.ActiveCfg = Release|Any CPU
		{E452B928-EE75-42D6-94A8-90DCF93FF766}.Release|Any CPU.Build.0 = Release|Any CPU
		{E452B928-EE75-42D6-94A8-90DCF93FF766}.Release|x64.ActiveCfg = Release|Any CPU
		{E452B928-EE75-42D6-94A8-90DCF93FF766}.Release|x64.Build.0 = Release|Any CPU
		{E452B928-EE75-42D6-94A8-90DCF93FF766}.Release|x86.ActiveCfg = Release|Any CPU
		{E452B928-EE75-42D6-94A8-90DCF93FF766}.Release|x86.Build.0 = Release|Any CPU
		{93BF9F5C-DF61-4B01-86E4-2DFE8DF8DAD7}.Debug|Any CPU.ActiveCfg = Debug|Any CPU
		{93BF9F5C-DF61-4B01-86E4-2DFE8DF8DAD7}.Debug|Any CPU.Build.0 = Debug|Any CPU
		{93BF9F5C-DF61-4B01-86E4-2DFE8DF8DAD7}.Debug|x64.ActiveCfg = Debug|Any CPU
		{93BF9F5C-DF61-4B01-86E4-2DFE8DF8DAD7}.Debug|x64.Build.0 = Debug|Any CPU
		{93BF9F5C-DF61-4B01-86E4-2DFE8DF8DAD7}.Debug|x86.ActiveCfg = Debug|Any CPU
		{93BF9F5C-DF61-4B01-86E4-2DFE8DF8DAD7}.Debug|x86.Build.0 = Debug|Any CPU
		{93BF9F5C-DF61-4B01-86E4-2DFE8DF8DAD7}.Release|Any CPU.ActiveCfg = Release|Any CPU
		{93BF9F5C-DF61-4B01-86E4-2DFE8DF8DAD7}.Release|Any CPU.Build.0 = Release|Any CPU
		{93BF9F5C-DF61-4B01-86E4-2DFE8DF8DAD7}.Release|x64.ActiveCfg = Release|Any CPU
		{93BF9F5C-DF61-4B01-86E4-2DFE8DF8DAD7}.Release|x64.Build.0 = Release|Any CPU
		{93BF9F5C-DF61-4B01-86E4-2DFE8DF8DAD7}.Release|x86.ActiveCfg = Release|Any CPU
		{93BF9F5C-DF61-4B01-86E4-2DFE8DF8DAD7}.Release|x86.Build.0 = Release|Any CPU
		{3479380D-E83A-4B1A-A5C9-06BA50609185}.Debug|Any CPU.ActiveCfg = Debug|Any CPU
		{3479380D-E83A-4B1A-A5C9-06BA50609185}.Debug|Any CPU.Build.0 = Debug|Any CPU
		{3479380D-E83A-4B1A-A5C9-06BA50609185}.Debug|x64.ActiveCfg = Debug|Any CPU
		{3479380D-E83A-4B1A-A5C9-06BA50609185}.Debug|x64.Build.0 = Debug|Any CPU
		{3479380D-E83A-4B1A-A5C9-06BA50609185}.Debug|x86.ActiveCfg = Debug|Any CPU
		{3479380D-E83A-4B1A-A5C9-06BA50609185}.Debug|x86.Build.0 = Debug|Any CPU
		{3479380D-E83A-4B1A-A5C9-06BA50609185}.Release|Any CPU.ActiveCfg = Release|Any CPU
		{3479380D-E83A-4B1A-A5C9-06BA50609185}.Release|Any CPU.Build.0 = Release|Any CPU
		{3479380D-E83A-4B1A-A5C9-06BA50609185}.Release|x64.ActiveCfg = Release|Any CPU
		{3479380D-E83A-4B1A-A5C9-06BA50609185}.Release|x64.Build.0 = Release|Any CPU
		{3479380D-E83A-4B1A-A5C9-06BA50609185}.Release|x86.ActiveCfg = Release|Any CPU
		{3479380D-E83A-4B1A-A5C9-06BA50609185}.Release|x86.Build.0 = Release|Any CPU
		{E07968CA-9AE7-4B31-9646-30BD2CE68905}.Debug|Any CPU.ActiveCfg = Debug|Any CPU
		{E07968CA-9AE7-4B31-9646-30BD2CE68905}.Debug|Any CPU.Build.0 = Debug|Any CPU
		{E07968CA-9AE7-4B31-9646-30BD2CE68905}.Debug|x64.ActiveCfg = Debug|Any CPU
		{E07968CA-9AE7-4B31-9646-30BD2CE68905}.Debug|x64.Build.0 = Debug|Any CPU
		{E07968CA-9AE7-4B31-9646-30BD2CE68905}.Debug|x86.ActiveCfg = Debug|Any CPU
		{E07968CA-9AE7-4B31-9646-30BD2CE68905}.Debug|x86.Build.0 = Debug|Any CPU
		{E07968CA-9AE7-4B31-9646-30BD2CE68905}.Release|Any CPU.ActiveCfg = Release|Any CPU
		{E07968CA-9AE7-4B31-9646-30BD2CE68905}.Release|Any CPU.Build.0 = Release|Any CPU
		{E07968CA-9AE7-4B31-9646-30BD2CE68905}.Release|x64.ActiveCfg = Release|Any CPU
		{E07968CA-9AE7-4B31-9646-30BD2CE68905}.Release|x64.Build.0 = Release|Any CPU
		{E07968CA-9AE7-4B31-9646-30BD2CE68905}.Release|x86.ActiveCfg = Release|Any CPU
		{E07968CA-9AE7-4B31-9646-30BD2CE68905}.Release|x86.Build.0 = Release|Any CPU
		{9F256B00-DE8F-4568-8FBD-DD0F188BF090}.Debug|Any CPU.ActiveCfg = Debug|Any CPU
		{9F256B00-DE8F-4568-8FBD-DD0F188BF090}.Debug|Any CPU.Build.0 = Debug|Any CPU
		{9F256B00-DE8F-4568-8FBD-DD0F188BF090}.Debug|x64.ActiveCfg = Debug|Any CPU
		{9F256B00-DE8F-4568-8FBD-DD0F188BF090}.Debug|x64.Build.0 = Debug|Any CPU
		{9F256B00-DE8F-4568-8FBD-DD0F188BF090}.Debug|x86.ActiveCfg = Debug|Any CPU
		{9F256B00-DE8F-4568-8FBD-DD0F188BF090}.Debug|x86.Build.0 = Debug|Any CPU
		{9F256B00-DE8F-4568-8FBD-DD0F188BF090}.Release|Any CPU.ActiveCfg = Release|Any CPU
		{9F256B00-DE8F-4568-8FBD-DD0F188BF090}.Release|Any CPU.Build.0 = Release|Any CPU
		{9F256B00-DE8F-4568-8FBD-DD0F188BF090}.Release|x64.ActiveCfg = Release|Any CPU
		{9F256B00-DE8F-4568-8FBD-DD0F188BF090}.Release|x64.Build.0 = Release|Any CPU
		{9F256B00-DE8F-4568-8FBD-DD0F188BF090}.Release|x86.ActiveCfg = Release|Any CPU
		{9F256B00-DE8F-4568-8FBD-DD0F188BF090}.Release|x86.Build.0 = Release|Any CPU
		{23C7B27E-EC4E-406E-B744-E049D9AE5FD7}.Debug|Any CPU.ActiveCfg = Debug|Any CPU
		{23C7B27E-EC4E-406E-B744-E049D9AE5FD7}.Debug|Any CPU.Build.0 = Debug|Any CPU
		{23C7B27E-EC4E-406E-B744-E049D9AE5FD7}.Debug|x64.ActiveCfg = Debug|Any CPU
		{23C7B27E-EC4E-406E-B744-E049D9AE5FD7}.Debug|x64.Build.0 = Debug|Any CPU
		{23C7B27E-EC4E-406E-B744-E049D9AE5FD7}.Debug|x86.ActiveCfg = Debug|Any CPU
		{23C7B27E-EC4E-406E-B744-E049D9AE5FD7}.Debug|x86.Build.0 = Debug|Any CPU
		{23C7B27E-EC4E-406E-B744-E049D9AE5FD7}.Release|Any CPU.ActiveCfg = Release|Any CPU
		{23C7B27E-EC4E-406E-B744-E049D9AE5FD7}.Release|Any CPU.Build.0 = Release|Any CPU
		{23C7B27E-EC4E-406E-B744-E049D9AE5FD7}.Release|x64.ActiveCfg = Release|Any CPU
		{23C7B27E-EC4E-406E-B744-E049D9AE5FD7}.Release|x64.Build.0 = Release|Any CPU
		{23C7B27E-EC4E-406E-B744-E049D9AE5FD7}.Release|x86.ActiveCfg = Release|Any CPU
		{23C7B27E-EC4E-406E-B744-E049D9AE5FD7}.Release|x86.Build.0 = Release|Any CPU
	EndGlobalSection
	GlobalSection(SolutionProperties) = preSolution
		HideSolutionNode = FALSE
	EndGlobalSection
	GlobalSection(NestedProjects) = preSolution
		{589161A9-114D-DA97-8BC8-A5330634F303} = {5854FF58-B8C5-05C6-5BF2-ACE42193F22B}
		{92283FE3-FD4A-4FF6-BC19-237FC6798F2B} = {589161A9-114D-DA97-8BC8-A5330634F303}
		{730F1B3A-37F4-4F60-A8B6-DDD0B3CB0C2F} = {589161A9-114D-DA97-8BC8-A5330634F303}
		{832F867A-28BA-4EFC-B533-021881D97ECE} = {589161A9-114D-DA97-8BC8-A5330634F303}
		{0380FC2A-B531-41B6-B26D-8C34AF3EF059} = {589161A9-114D-DA97-8BC8-A5330634F303}
		{EAAE9B3A-A7D9-45DF-8560-3DBA48FD2711} = {7266C4A9-E384-DC00-0EB6-47F6002CFBA7}
		{E452B928-EE75-42D6-94A8-90DCF93FF766} = {7266C4A9-E384-DC00-0EB6-47F6002CFBA7}
		{93BF9F5C-DF61-4B01-86E4-2DFE8DF8DAD7} = {7266C4A9-E384-DC00-0EB6-47F6002CFBA7}
		{3479380D-E83A-4B1A-A5C9-06BA50609185} = {7266C4A9-E384-DC00-0EB6-47F6002CFBA7}
		{E07968CA-9AE7-4B31-9646-30BD2CE68905} = {7266C4A9-E384-DC00-0EB6-47F6002CFBA7}
		{9F256B00-DE8F-4568-8FBD-DD0F188BF090} = {7266C4A9-E384-DC00-0EB6-47F6002CFBA7}
		{23C7B27E-EC4E-406E-B744-E049D9AE5FD7} = {7266C4A9-E384-DC00-0EB6-47F6002CFBA7}
	EndGlobalSection
EndGlobal
