
Microsoft Visual Studio Solution File, Format Version 12.00
# Visual Studio Version 17
VisualStudioVersion = 17.0.31903.59
MinimumVisualStudioVersion = 10.0.40219.1
Project("{2150E333-8FDC-42A3-9474-1A3956D46DE8}") = "Services", "Services", "{5854FF58-B8C5-05C6-5BF2-ACE42193F22B}"
EndProject
Project("{2150E333-8FDC-42A3-9474-1A3956D46DE8}") = "Submissions", "Submissions", "{589161A9-114D-DA97-8BC8-A5330634F303}"
EndProject
Project("{FAE04EC0-301F-11D3-BF4B-00C04F79EFBC}") = "Submission.API", "Services\Submissions\Submission.API\Submission.API.csproj", "{92283FE3-FD4A-4FF6-BC19-237FC6798F2B}"
EndProject
Project("{FAE04EC0-301F-11D3-BF4B-00C04F79EFBC}") = "Submission.Application", "Services\Submissions\Submission.Application\Submission.Application.csproj", "{730F1B3A-37F4-4F60-A8B6-DDD0B3CB0C2F}"
EndProject
Project("{FAE04EC0-301F-11D3-BF4B-00C04F79EFBC}") = "Submission.Domain", "Services\Submissions\Submission.Domain\Submission.Domain.csproj", "{832F867A-28BA-4EFC-B533-021881D97ECE}"
EndProject
Project("{FAE04EC0-301F-11D3-BF4B-00C04F79EFBC}") = "Submission.Persistence", "Services\Submissions\Submission.Persistence\Submission.Persistence.csproj", "{0380FC2A-B531-41B6-B26D-8C34AF3EF059}"
EndProject
Project("{2150E333-8FDC-42A3-9474-1A3956D46DE8}") = "BuildingBlocks", "BuildingBlocks", "{7266C4A9-E384-DC00-0EB6-47F6002CFBA7}"
EndProject
Project("{FAE04EC0-301F-11D3-BF4B-00C04F79EFBC}") = "Articles.Abstractions", "BuildingBlocks\Articles.Abstractions\Articles.Abstractions.csproj", "{EAAE9B3A-A7D9-45DF-8560-3DBA48FD2711}"
EndProject
Project("{FAE04EC0-301F-11D3-BF4B-00C04F79EFBC}") = "Blocks.EntityFramework", "BuildingBlocks\Blocks.EntityFramework\Blocks.EntityFramework.csproj", "{E452B928-EE75-42D6-94A8-90DCF93FF766}"
EndProject
Project("{FAE04EC0-301F-11D3-BF4B-00C04F79EFBC}") = "Blocks.Domain", "BuildingBlocks\Blocks.Domain\Blocks.Domain.csproj", "{93BF9F5C-DF61-4B01-86E4-2DFE8DF8DAD7}"
EndProject
Project("{FAE04EC0-301F-11D3-BF4B-00C04F79EFBC}") = "Blocks.MediatR", "BuildingBlocks\Blocks.MediatR\Blocks.MediatR.csproj", "{3479380D-E83A-4B1A-A5C9-06BA50609185}"
EndProject
Project("{FAE04EC0-301F-11D3-BF4B-00C04F79EFBC}") = "Blocks.Exceptions", "BuildingBlocks\Blocks.Exceptions\Blocks.Exceptions.csproj", "{E07968CA-9AE7-4B31-9646-30BD2CE68905}"
EndProject
Project("{FAE04EC0-301F-11D3-BF4B-00C04F79EFBC}") = "Blocks.Core", "BuildingBlocks\Blocks.Core\Blocks.Core.csproj", "{9F256B00-DE8F-4568-8FBD-DD0F188BF090}"
EndProject
Project("{FAE04EC0-301F-11D3-BF4B-00C04F79EFBC}") = "Articles.Security", "BuildingBlocks\Articles.Security\Articles.Security.csproj", "{23C7B27E-EC4E-406E-B744-E049D9AE5FD7}"
EndProject
Project("{2150E333-8FDC-42A3-9474-1A3956D46DE8}") = "Modules", "Modules", "{CA253913-39DE-BFD0-C9A3-4B7EC6FBDF17}"
EndProject
Project("{2150E333-8FDC-42A3-9474-1A3956D46DE8}") = "FileStorage", "FileStorage", "{75BBB701-86E4-11CD-7151-6ADF65564A7B}"
EndProject
Project("{FAE04EC0-301F-11D3-BF4B-00C04F79EFBC}") = "FileStorage.Contracts", "Modules\FileStorage\FileStorage.Contracts\FileStorage.Contracts.csproj", "{2D70F61F-3FB5-4C1E-BEAA-DB19BA4E9AA5}"
EndProject
Project("{FAE04EC0-301F-11D3-BF4B-00C04F79EFBC}") = "FileStorage.MongoGridFS", "Modules\FileStorage\FileStorage.MongoGridFS\FileStorage.MongoGridFS.csproj", "{CB3A079C-A400-4232-87A9-C15DB3111767}"
EndProject
Project("{2150E333-8FDC-42A3-9474-1A3956D46DE8}") = "Auth", "Auth", "{FE3FB199-55FF-42D1-1FD0-08473B5A7350}"
EndProject
Project("{FAE04EC0-301F-11D3-BF4B-00C04F79EFBC}") = "Auth.API", "services\Auth\Auth.API\Auth.API.csproj", "{2AD9263E-1EFC-4403-A977-E7BCDD1A0F47}"
EndProject
Project("{FAE04EC0-301F-11D3-BF4B-00C04F79EFBC}") = "Auth.Application", "services\Auth\Auth.Application\Auth.Application.csproj", "{42E2FFC8-F94A-4FA0-8838-35C7D4D04A8C}"
EndProject
Project("{FAE04EC0-301F-11D3-BF4B-00C04F79EFBC}") = "Auth.Domain", "services\Auth\Auth.Domain\Auth.Domain.csproj", "{E4C0DEED-6838-473E-A249-FEAC27C5F5E4}"
EndProject
Project("{FAE04EC0-301F-11D3-BF4B-00C04F79EFBC}") = "Auth.Persistence", "services\Auth\Auth.Persistence\Auth.Persistence.csproj", "{081CDD23-F474-4E05-B1A6-47C0AA1C1483}"
EndProject
Project("{2150E333-8FDC-42A3-9474-1A3956D46DE8}") = "EmailService", "EmailService", "{8472ABD4-6AD8-197C-EF5B-CF36BE2D6BEF}"
EndProject
Project("{FAE04EC0-301F-11D3-BF4B-00C04F79EFBC}") = "EmailService.Contracts", "Modules\EmailService\EmailService.Contracts\EmailService.Contracts.csproj", "{CCA7E769-9A3E-441D-9FBC-E148CA5AA1B8}"
EndProject
Project("{FAE04EC0-301F-11D3-BF4B-00C04F79EFBC}") = "EmailService.Smtp", "Modules\EmailService\EmailService.Smtp\EmailService.Smtp.csproj", "{35650912-8ECA-47B5-A478-16D890205DF9}"
EndProject
Project("{FAE04EC0-301F-11D3-BF4B-00C04F79EFBC}") = "Blocks.AspNetCore", "BuildingBlocks\Blocks.AspNetCore\Blocks.AspNetCore.csproj", "{AD94B7F9-EA7D-4438-AA90-897664BB1FC3}"
EndProject
Project("{2150E333-8FDC-42A3-9474-1A3956D46DE8}") = "Journals", "Journals", "{C84DB542-2138-8C8B-04E5-8DBA2AC9CC79}"
EndProject
Project("{FAE04EC0-301F-11D3-BF4B-00C04F79EFBC}") = "Journals.API", "Services\Journals\Journals.API\Journals.API.csproj", "{1EB7EDAB-8CE0-4208-8395-B432D711159C}"
EndProject
Project("{FAE04EC0-301F-11D3-BF4B-00C04F79EFBC}") = "Journals.Domain", "Services\Journals\Journals.Domain\Journals.Domain.csproj", "{A2FA7F4F-B22B-4B98-B95A-9F881AF414BD}"
EndProject
Project("{FAE04EC0-301F-11D3-BF4B-00C04F79EFBC}") = "Journals.Persistence", "Services\Journals\Journals.Persistence\Journals.Persistence.csproj", "{F5FF9DAD-1235-46FA-9F24-2D0C346F1729}"
EndProject
Project("{FAE04EC0-301F-11D3-BF4B-00C04F79EFBC}") = "Blocks.Redis", "BuildingBlocks\Blocks.Redis\Blocks.Redis.csproj", "{F23AAED6-17FC-4E7C-8C1C-3DEC7ABC4B4C}"
EndProject
Project("{FAE04EC0-301F-11D3-BF4B-00C04F79EFBC}") = "Articles.Grpc.Contracts", "BuildingBlocks\Articles.Grpc.Contracts\Articles.Grpc.Contracts.csproj", "{19DFBA72-433A-45FF-B541-AA80DEF8D69F}"
EndProject
Project("{FAE04EC0-301F-11D3-BF4B-00C04F79EFBC}") = "Blocks.Messaging", "BuildingBlocks\Blocks.Messaging\Blocks.Messaging.csproj", "{9DB7BD46-DC02-43E3-80D1-74D517C83E4F}"
EndProject
Project("{2150E333-8FDC-42A3-9474-1A3956D46DE8}") = "Review", "Review", "{03FAD54A-6E03-5864-6D7B-18C11DED3A2F}"
EndProject
Project("{FAE04EC0-301F-11D3-BF4B-00C04F79EFBC}") = "Review.API", "Services\Review\Review.API\Review.API.csproj", "{0EA27E81-D3B1-4397-A69A-EA0DF30F9976}"
EndProject
Project("{FAE04EC0-301F-11D3-BF4B-00C04F79EFBC}") = "Review.Domain", "Services\Review\Review.Domain\Review.Domain.csproj", "{2FAADCB2-7843-4FA9-8545-DBC55B0FA469}"
EndProject
Project("{FAE04EC0-301F-11D3-BF4B-00C04F79EFBC}") = "Review.Application", "Services\Review\Review.Application\Review.Application.csproj", "{52A56A9C-B1BE-4086-BF33-8EE507C9881B}"
EndProject
Project("{FAE04EC0-301F-11D3-BF4B-00C04F79EFBC}") = "Review.Persistence", "Services\Review\Review.Persistence\Review.Persistence.csproj", "{E56D22D6-B8B7-4148-8C39-E123112DBD6E}"
EndProject
Project("{2150E333-8FDC-42A3-9474-1A3956D46DE8}") = "ArticleHub", "ArticleHub", "{79308485-7A87-9984-5211-E5AEAC8AB73E}"
EndProject
Project("{FAE04EC0-301F-11D3-BF4B-00C04F79EFBC}") = "ArticleHub.Persistence", "Services\ArticleHub\ArticleHub.Persistence\ArticleHub.Persistence.csproj", "{5FD09CB6-3308-4217-B24E-E8E8C2134CAB}"
EndProject
Project("{FAE04EC0-301F-11D3-BF4B-00C04F79EFBC}") = "ArticleHub.Domain", "Services\ArticleHub\ArticleHub.Domain\ArticleHub.Domain.csproj", "{FC112415-CA38-4511-901E-84372408C904}"
EndProject
Project("{FAE04EC0-301F-11D3-BF4B-00C04F79EFBC}") = "ArticleHub.API", "Services\ArticleHub\ArticleHub.API\ArticleHub.API.csproj", "{04ED18B8-DA77-4FB3-A787-0CA55C4F4ED7}"
EndProject
Project("{FAE04EC0-301F-11D3-BF4B-00C04F79EFBC}") = "Articles.IntegrationEvents.Contracts", "BuildingBlocks\Articles.IntegrationEvents.Contracts\Articles.IntegrationEvents.Contracts.csproj", "{44FF894E-937C-470C-A513-AC2B2AF0FDA6}"
EndProject
Project("{FAE04EC0-301F-11D3-BF4B-00C04F79EFBC}") = "Blocks.FastEndpoints", "BuildingBlocks\Blocks.FastEndpoints\Blocks.FastEndpoints.csproj", "{670A51E8-EBD7-4D61-9368-623D08D83E10}"
EndProject
Global
	GlobalSection(SolutionConfigurationPlatforms) = preSolution
		Debug|Any CPU = Debug|Any CPU
		Debug|x64 = Debug|x64
		Debug|x86 = Debug|x86
		Release|Any CPU = Release|Any CPU
		Release|x64 = Release|x64
		Release|x86 = Release|x86
	EndGlobalSection
	GlobalSection(ProjectConfigurationPlatforms) = postSolution
		{92283FE3-FD4A-4FF6-BC19-237FC6798F2B}.Debug|Any CPU.ActiveCfg = Debug|Any CPU
		{92283FE3-FD4A-4FF6-BC19-237FC6798F2B}.Debug|Any CPU.Build.0 = Debug|Any CPU
		{92283FE3-FD4A-4FF6-BC19-237FC6798F2B}.Debug|x64.ActiveCfg = Debug|Any CPU
		{92283FE3-FD4A-4FF6-BC19-237FC6798F2B}.Debug|x64.Build.0 = Debug|Any CPU
		{92283FE3-FD4A-4FF6-BC19-237FC6798F2B}.Debug|x86.ActiveCfg = Debug|Any CPU
		{92283FE3-FD4A-4FF6-BC19-237FC6798F2B}.Debug|x86.Build.0 = Debug|Any CPU
		{92283FE3-FD4A-4FF6-BC19-237FC6798F2B}.Release|Any CPU.ActiveCfg = Release|Any CPU
		{92283FE3-FD4A-4FF6-BC19-237FC6798F2B}.Release|Any CPU.Build.0 = Release|Any CPU
		{92283FE3-FD4A-4FF6-BC19-237FC6798F2B}.Release|x64.ActiveCfg = Release|Any CPU
		{92283FE3-FD4A-4FF6-BC19-237FC6798F2B}.Release|x64.Build.0 = Release|Any CPU
		{92283FE3-FD4A-4FF6-BC19-237FC6798F2B}.Release|x86.ActiveCfg = Release|Any CPU
		{92283FE3-FD4A-4FF6-BC19-237FC6798F2B}.Release|x86.Build.0 = Release|Any CPU
		{730F1B3A-37F4-4F60-A8B6-DDD0B3CB0C2F}.Debug|Any CPU.ActiveCfg = Debug|Any CPU
		{730F1B3A-37F4-4F60-A8B6-DDD0B3CB0C2F}.Debug|Any CPU.Build.0 = Debug|Any CPU
		{730F1B3A-37F4-4F60-A8B6-DDD0B3CB0C2F}.Debug|x64.ActiveCfg = Debug|Any CPU
		{730F1B3A-37F4-4F60-A8B6-DDD0B3CB0C2F}.Debug|x64.Build.0 = Debug|Any CPU
		{730F1B3A-37F4-4F60-A8B6-DDD0B3CB0C2F}.Debug|x86.ActiveCfg = Debug|Any CPU
		{730F1B3A-37F4-4F60-A8B6-DDD0B3CB0C2F}.Debug|x86.Build.0 = Debug|Any CPU
		{730F1B3A-37F4-4F60-A8B6-DDD0B3CB0C2F}.Release|Any CPU.ActiveCfg = Release|Any CPU
		{730F1B3A-37F4-4F60-A8B6-DDD0B3CB0C2F}.Release|Any CPU.Build.0 = Release|Any CPU
		{730F1B3A-37F4-4F60-A8B6-DDD0B3CB0C2F}.Release|x64.ActiveCfg = Release|Any CPU
		{730F1B3A-37F4-4F60-A8B6-DDD0B3CB0C2F}.Release|x64.Build.0 = Release|Any CPU
		{730F1B3A-37F4-4F60-A8B6-DDD0B3CB0C2F}.Release|x86.ActiveCfg = Release|Any CPU
		{730F1B3A-37F4-4F60-A8B6-DDD0B3CB0C2F}.Release|x86.Build.0 = Release|Any CPU
		{832F867A-28BA-4EFC-B533-021881D97ECE}.Debug|Any CPU.ActiveCfg = Debug|Any CPU
		{832F867A-28BA-4EFC-B533-021881D97ECE}.Debug|Any CPU.Build.0 = Debug|Any CPU
		{832F867A-28BA-4EFC-B533-021881D97ECE}.Debug|x64.ActiveCfg = Debug|Any CPU
		{832F867A-28BA-4EFC-B533-021881D97ECE}.Debug|x64.Build.0 = Debug|Any CPU
		{832F867A-28BA-4EFC-B533-021881D97ECE}.Debug|x86.ActiveCfg = Debug|Any CPU
		{832F867A-28BA-4EFC-B533-021881D97ECE}.Debug|x86.Build.0 = Debug|Any CPU
		{832F867A-28BA-4EFC-B533-021881D97ECE}.Release|Any CPU.ActiveCfg = Release|Any CPU
		{832F867A-28BA-4EFC-B533-021881D97ECE}.Release|Any CPU.Build.0 = Release|Any CPU
		{832F867A-28BA-4EFC-B533-021881D97ECE}.Release|x64.ActiveCfg = Release|Any CPU
		{832F867A-28BA-4EFC-B533-021881D97ECE}.Release|x64.Build.0 = Release|Any CPU
		{832F867A-28BA-4EFC-B533-021881D97ECE}.Release|x86.ActiveCfg = Release|Any CPU
		{832F867A-28BA-4EFC-B533-021881D97ECE}.Release|x86.Build.0 = Release|Any CPU
		{0380FC2A-B531-41B6-B26D-8C34AF3EF059}.Debug|Any CPU.ActiveCfg = Debug|Any CPU
		{0380FC2A-B531-41B6-B26D-8C34AF3EF059}.Debug|Any CPU.Build.0 = Debug|Any CPU
		{0380FC2A-B531-41B6-B26D-8C34AF3EF059}.Debug|x64.ActiveCfg = Debug|Any CPU
		{0380FC2A-B531-41B6-B26D-8C34AF3EF059}.Debug|x64.Build.0 = Debug|Any CPU
		{0380FC2A-B531-41B6-B26D-8C34AF3EF059}.Debug|x86.ActiveCfg = Debug|Any CPU
		{0380FC2A-B531-41B6-B26D-8C34AF3EF059}.Debug|x86.Build.0 = Debug|Any CPU
		{0380FC2A-B531-41B6-B26D-8C34AF3EF059}.Release|Any CPU.ActiveCfg = Release|Any CPU
		{0380FC2A-B531-41B6-B26D-8C34AF3EF059}.Release|Any CPU.Build.0 = Release|Any CPU
		{0380FC2A-B531-41B6-B26D-8C34AF3EF059}.Release|x64.ActiveCfg = Release|Any CPU
		{0380FC2A-B531-41B6-B26D-8C34AF3EF059}.Release|x64.Build.0 = Release|Any CPU
		{0380FC2A-B531-41B6-B26D-8C34AF3EF059}.Release|x86.ActiveCfg = Release|Any CPU
		{0380FC2A-B531-41B6-B26D-8C34AF3EF059}.Release|x86.Build.0 = Release|Any CPU
		{EAAE9B3A-A7D9-45DF-8560-3DBA48FD2711}.Debug|Any CPU.ActiveCfg = Debug|Any CPU
		{EAAE9B3A-A7D9-45DF-8560-3DBA48FD2711}.Debug|Any CPU.Build.0 = Debug|Any CPU
		{EAAE9B3A-A7D9-45DF-8560-3DBA48FD2711}.Debug|x64.ActiveCfg = Debug|Any CPU
		{EAAE9B3A-A7D9-45DF-8560-3DBA48FD2711}.Debug|x64.Build.0 = Debug|Any CPU
		{EAAE9B3A-A7D9-45DF-8560-3DBA48FD2711}.Debug|x86.ActiveCfg = Debug|Any CPU
		{EAAE9B3A-A7D9-45DF-8560-3DBA48FD2711}.Debug|x86.Build.0 = Debug|Any CPU
		{EAAE9B3A-A7D9-45DF-8560-3DBA48FD2711}.Release|Any CPU.ActiveCfg = Release|Any CPU
		{EAAE9B3A-A7D9-45DF-8560-3DBA48FD2711}.Release|Any CPU.Build.0 = Release|Any CPU
		{EAAE9B3A-A7D9-45DF-8560-3DBA48FD2711}.Release|x64.ActiveCfg = Release|Any CPU
		{EAAE9B3A-A7D9-45DF-8560-3DBA48FD2711}.Release|x64.Build.0 = Release|Any CPU
		{EAAE9B3A-A7D9-45DF-8560-3DBA48FD2711}.Release|x86.ActiveCfg = Release|Any CPU
		{EAAE9B3A-A7D9-45DF-8560-3DBA48FD2711}.Release|x86.Build.0 = Release|Any CPU
		{E452B928-EE75-42D6-94A8-90DCF93FF766}.Debug|Any CPU.ActiveCfg = Debug|Any CPU
		{E452B928-EE75-42D6-94A8-90DCF93FF766}.Debug|Any CPU.Build.0 = Debug|Any CPU
		{E452B928-EE75-42D6-94A8-90DCF93FF766}.Debug|x64.ActiveCfg = Debug|Any CPU
		{E452B928-EE75-42D6-94A8-90DCF93FF766}.Debug|x64.Build.0 = Debug|Any CPU
		{E452B928-EE75-42D6-94A8-90DCF93FF766}.Debug|x86.ActiveCfg = Debug|Any CPU
		{E452B928-EE75-42D6-94A8-90DCF93FF766}.Debug|x86.Build.0 = Debug|Any CPU
		{E452B928-EE75-42D6-94A8-90DCF93FF766}.Release|Any CPU.ActiveCfg = Release|Any CPU
		{E452B928-EE75-42D6-94A8-90DCF93FF766}.Release|Any CPU.Build.0 = Release|Any CPU
		{E452B928-EE75-42D6-94A8-90DCF93FF766}.Release|x64.ActiveCfg = Release|Any CPU
		{E452B928-EE75-42D6-94A8-90DCF93FF766}.Release|x64.Build.0 = Release|Any CPU
		{E452B928-EE75-42D6-94A8-90DCF93FF766}.Release|x86.ActiveCfg = Release|Any CPU
		{E452B928-EE75-42D6-94A8-90DCF93FF766}.Release|x86.Build.0 = Release|Any CPU
		{93BF9F5C-DF61-4B01-86E4-2DFE8DF8DAD7}.Debug|Any CPU.ActiveCfg = Debug|Any CPU
		{93BF9F5C-DF61-4B01-86E4-2DFE8DF8DAD7}.Debug|Any CPU.Build.0 = Debug|Any CPU
		{93BF9F5C-DF61-4B01-86E4-2DFE8DF8DAD7}.Debug|x64.ActiveCfg = Debug|Any CPU
		{93BF9F5C-DF61-4B01-86E4-2DFE8DF8DAD7}.Debug|x64.Build.0 = Debug|Any CPU
		{93BF9F5C-DF61-4B01-86E4-2DFE8DF8DAD7}.Debug|x86.ActiveCfg = Debug|Any CPU
		{93BF9F5C-DF61-4B01-86E4-2DFE8DF8DAD7}.Debug|x86.Build.0 = Debug|Any CPU
		{93BF9F5C-DF61-4B01-86E4-2DFE8DF8DAD7}.Release|Any CPU.ActiveCfg = Release|Any CPU
		{93BF9F5C-DF61-4B01-86E4-2DFE8DF8DAD7}.Release|Any CPU.Build.0 = Release|Any CPU
		{93BF9F5C-DF61-4B01-86E4-2DFE8DF8DAD7}.Release|x64.ActiveCfg = Release|Any CPU
		{93BF9F5C-DF61-4B01-86E4-2DFE8DF8DAD7}.Release|x64.Build.0 = Release|Any CPU
		{93BF9F5C-DF61-4B01-86E4-2DFE8DF8DAD7}.Release|x86.ActiveCfg = Release|Any CPU
		{93BF9F5C-DF61-4B01-86E4-2DFE8DF8DAD7}.Release|x86.Build.0 = Release|Any CPU
		{3479380D-E83A-4B1A-A5C9-06BA50609185}.Debug|Any CPU.ActiveCfg = Debug|Any CPU
		{3479380D-E83A-4B1A-A5C9-06BA50609185}.Debug|Any CPU.Build.0 = Debug|Any CPU
		{3479380D-E83A-4B1A-A5C9-06BA50609185}.Debug|x64.ActiveCfg = Debug|Any CPU
		{3479380D-E83A-4B1A-A5C9-06BA50609185}.Debug|x64.Build.0 = Debug|Any CPU
		{3479380D-E83A-4B1A-A5C9-06BA50609185}.Debug|x86.ActiveCfg = Debug|Any CPU
		{3479380D-E83A-4B1A-A5C9-06BA50609185}.Debug|x86.Build.0 = Debug|Any CPU
		{3479380D-E83A-4B1A-A5C9-06BA50609185}.Release|Any CPU.ActiveCfg = Release|Any CPU
		{3479380D-E83A-4B1A-A5C9-06BA50609185}.Release|Any CPU.Build.0 = Release|Any CPU
		{3479380D-E83A-4B1A-A5C9-06BA50609185}.Release|x64.ActiveCfg = Release|Any CPU
		{3479380D-E83A-4B1A-A5C9-06BA50609185}.Release|x64.Build.0 = Release|Any CPU
		{3479380D-E83A-4B1A-A5C9-06BA50609185}.Release|x86.ActiveCfg = Release|Any CPU
		{3479380D-E83A-4B1A-A5C9-06BA50609185}.Release|x86.Build.0 = Release|Any CPU
		{E07968CA-9AE7-4B31-9646-30BD2CE68905}.Debug|Any CPU.ActiveCfg = Debug|Any CPU
		{E07968CA-9AE7-4B31-9646-30BD2CE68905}.Debug|Any CPU.Build.0 = Debug|Any CPU
		{E07968CA-9AE7-4B31-9646-30BD2CE68905}.Debug|x64.ActiveCfg = Debug|Any CPU
		{E07968CA-9AE7-4B31-9646-30BD2CE68905}.Debug|x64.Build.0 = Debug|Any CPU
		{E07968CA-9AE7-4B31-9646-30BD2CE68905}.Debug|x86.ActiveCfg = Debug|Any CPU
		{E07968CA-9AE7-4B31-9646-30BD2CE68905}.Debug|x86.Build.0 = Debug|Any CPU
		{E07968CA-9AE7-4B31-9646-30BD2CE68905}.Release|Any CPU.ActiveCfg = Release|Any CPU
		{E07968CA-9AE7-4B31-9646-30BD2CE68905}.Release|Any CPU.Build.0 = Release|Any CPU
		{E07968CA-9AE7-4B31-9646-30BD2CE68905}.Release|x64.ActiveCfg = Release|Any CPU
		{E07968CA-9AE7-4B31-9646-30BD2CE68905}.Release|x64.Build.0 = Release|Any CPU
		{E07968CA-9AE7-4B31-9646-30BD2CE68905}.Release|x86.ActiveCfg = Release|Any CPU
		{E07968CA-9AE7-4B31-9646-30BD2CE68905}.Release|x86.Build.0 = Release|Any CPU
		{9F256B00-DE8F-4568-8FBD-DD0F188BF090}.Debug|Any CPU.ActiveCfg = Debug|Any CPU
		{9F256B00-DE8F-4568-8FBD-DD0F188BF090}.Debug|Any CPU.Build.0 = Debug|Any CPU
		{9F256B00-DE8F-4568-8FBD-DD0F188BF090}.Debug|x64.ActiveCfg = Debug|Any CPU
		{9F256B00-DE8F-4568-8FBD-DD0F188BF090}.Debug|x64.Build.0 = Debug|Any CPU
		{9F256B00-DE8F-4568-8FBD-DD0F188BF090}.Debug|x86.ActiveCfg = Debug|Any CPU
		{9F256B00-DE8F-4568-8FBD-DD0F188BF090}.Debug|x86.Build.0 = Debug|Any CPU
		{9F256B00-DE8F-4568-8FBD-DD0F188BF090}.Release|Any CPU.ActiveCfg = Release|Any CPU
		{9F256B00-DE8F-4568-8FBD-DD0F188BF090}.Release|Any CPU.Build.0 = Release|Any CPU
		{9F256B00-DE8F-4568-8FBD-DD0F188BF090}.Release|x64.ActiveCfg = Release|Any CPU
		{9F256B00-DE8F-4568-8FBD-DD0F188BF090}.Release|x64.Build.0 = Release|Any CPU
		{9F256B00-DE8F-4568-8FBD-DD0F188BF090}.Release|x86.ActiveCfg = Release|Any CPU
		{9F256B00-DE8F-4568-8FBD-DD0F188BF090}.Release|x86.Build.0 = Release|Any CPU
		{23C7B27E-EC4E-406E-B744-E049D9AE5FD7}.Debug|Any CPU.ActiveCfg = Debug|Any CPU
		{23C7B27E-EC4E-406E-B744-E049D9AE5FD7}.Debug|Any CPU.Build.0 = Debug|Any CPU
		{23C7B27E-EC4E-406E-B744-E049D9AE5FD7}.Debug|x64.ActiveCfg = Debug|Any CPU
		{23C7B27E-EC4E-406E-B744-E049D9AE5FD7}.Debug|x64.Build.0 = Debug|Any CPU
		{23C7B27E-EC4E-406E-B744-E049D9AE5FD7}.Debug|x86.ActiveCfg = Debug|Any CPU
		{23C7B27E-EC4E-406E-B744-E049D9AE5FD7}.Debug|x86.Build.0 = Debug|Any CPU
		{23C7B27E-EC4E-406E-B744-E049D9AE5FD7}.Release|Any CPU.ActiveCfg = Release|Any CPU
		{23C7B27E-EC4E-406E-B744-E049D9AE5FD7}.Release|Any CPU.Build.0 = Release|Any CPU
		{23C7B27E-EC4E-406E-B744-E049D9AE5FD7}.Release|x64.ActiveCfg = Release|Any CPU
		{23C7B27E-EC4E-406E-B744-E049D9AE5FD7}.Release|x64.Build.0 = Release|Any CPU
		{23C7B27E-EC4E-406E-B744-E049D9AE5FD7}.Release|x86.ActiveCfg = Release|Any CPU
		{23C7B27E-EC4E-406E-B744-E049D9AE5FD7}.Release|x86.Build.0 = Release|Any CPU
		{2D70F61F-3FB5-4C1E-BEAA-DB19BA4E9AA5}.Debug|Any CPU.ActiveCfg = Debug|Any CPU
		{2D70F61F-3FB5-4C1E-BEAA-DB19BA4E9AA5}.Debug|Any CPU.Build.0 = Debug|Any CPU
		{2D70F61F-3FB5-4C1E-BEAA-DB19BA4E9AA5}.Debug|x64.ActiveCfg = Debug|Any CPU
		{2D70F61F-3FB5-4C1E-BEAA-DB19BA4E9AA5}.Debug|x64.Build.0 = Debug|Any CPU
		{2D70F61F-3FB5-4C1E-BEAA-DB19BA4E9AA5}.Debug|x86.ActiveCfg = Debug|Any CPU
		{2D70F61F-3FB5-4C1E-BEAA-DB19BA4E9AA5}.Debug|x86.Build.0 = Debug|Any CPU
		{2D70F61F-3FB5-4C1E-BEAA-DB19BA4E9AA5}.Release|Any CPU.ActiveCfg = Release|Any CPU
		{2D70F61F-3FB5-4C1E-BEAA-DB19BA4E9AA5}.Release|Any CPU.Build.0 = Release|Any CPU
		{2D70F61F-3FB5-4C1E-BEAA-DB19BA4E9AA5}.Release|x64.ActiveCfg = Release|Any CPU
		{2D70F61F-3FB5-4C1E-BEAA-DB19BA4E9AA5}.Release|x64.Build.0 = Release|Any CPU
		{2D70F61F-3FB5-4C1E-BEAA-DB19BA4E9AA5}.Release|x86.ActiveCfg = Release|Any CPU
		{2D70F61F-3FB5-4C1E-BEAA-DB19BA4E9AA5}.Release|x86.Build.0 = Release|Any CPU
		{CB3A079C-A400-4232-87A9-C15DB3111767}.Debug|Any CPU.ActiveCfg = Debug|Any CPU
		{CB3A079C-A400-4232-87A9-C15DB3111767}.Debug|Any CPU.Build.0 = Debug|Any CPU
		{CB3A079C-A400-4232-87A9-C15DB3111767}.Debug|x64.ActiveCfg = Debug|Any CPU
		{CB3A079C-A400-4232-87A9-C15DB3111767}.Debug|x64.Build.0 = Debug|Any CPU
		{CB3A079C-A400-4232-87A9-C15DB3111767}.Debug|x86.ActiveCfg = Debug|Any CPU
		{CB3A079C-A400-4232-87A9-C15DB3111767}.Debug|x86.Build.0 = Debug|Any CPU
		{CB3A079C-A400-4232-87A9-C15DB3111767}.Release|Any CPU.ActiveCfg = Release|Any CPU
		{CB3A079C-A400-4232-87A9-C15DB3111767}.Release|Any CPU.Build.0 = Release|Any CPU
		{CB3A079C-A400-4232-87A9-C15DB3111767}.Release|x64.ActiveCfg = Release|Any CPU
		{CB3A079C-A400-4232-87A9-C15DB3111767}.Release|x64.Build.0 = Release|Any CPU
		{CB3A079C-A400-4232-87A9-C15DB3111767}.Release|x86.ActiveCfg = Release|Any CPU
		{CB3A079C-A400-4232-87A9-C15DB3111767}.Release|x86.Build.0 = Release|Any CPU
		{2AD9263E-1EFC-4403-A977-E7BCDD1A0F47}.Debug|Any CPU.ActiveCfg = Debug|Any CPU
		{2AD9263E-1EFC-4403-A977-E7BCDD1A0F47}.Debug|Any CPU.Build.0 = Debug|Any CPU
		{2AD9263E-1EFC-4403-A977-E7BCDD1A0F47}.Debug|x64.ActiveCfg = Debug|Any CPU
		{2AD9263E-1EFC-4403-A977-E7BCDD1A0F47}.Debug|x64.Build.0 = Debug|Any CPU
		{2AD9263E-1EFC-4403-A977-E7BCDD1A0F47}.Debug|x86.ActiveCfg = Debug|Any CPU
		{2AD9263E-1EFC-4403-A977-E7BCDD1A0F47}.Debug|x86.Build.0 = Debug|Any CPU
		{2AD9263E-1EFC-4403-A977-E7BCDD1A0F47}.Release|Any CPU.ActiveCfg = Release|Any CPU
		{2AD9263E-1EFC-4403-A977-E7BCDD1A0F47}.Release|Any CPU.Build.0 = Release|Any CPU
		{2AD9263E-1EFC-4403-A977-E7BCDD1A0F47}.Release|x64.ActiveCfg = Release|Any CPU
		{2AD9263E-1EFC-4403-A977-E7BCDD1A0F47}.Release|x64.Build.0 = Release|Any CPU
		{2AD9263E-1EFC-4403-A977-E7BCDD1A0F47}.Release|x86.ActiveCfg = Release|Any CPU
		{2AD9263E-1EFC-4403-A977-E7BCDD1A0F47}.Release|x86.Build.0 = Release|Any CPU
		{42E2FFC8-F94A-4FA0-8838-35C7D4D04A8C}.Debug|Any CPU.ActiveCfg = Debug|Any CPU
		{42E2FFC8-F94A-4FA0-8838-35C7D4D04A8C}.Debug|Any CPU.Build.0 = Debug|Any CPU
		{42E2FFC8-F94A-4FA0-8838-35C7D4D04A8C}.Debug|x64.ActiveCfg = Debug|Any CPU
		{42E2FFC8-F94A-4FA0-8838-35C7D4D04A8C}.Debug|x64.Build.0 = Debug|Any CPU
		{42E2FFC8-F94A-4FA0-8838-35C7D4D04A8C}.Debug|x86.ActiveCfg = Debug|Any CPU
		{42E2FFC8-F94A-4FA0-8838-35C7D4D04A8C}.Debug|x86.Build.0 = Debug|Any CPU
		{42E2FFC8-F94A-4FA0-8838-35C7D4D04A8C}.Release|Any CPU.ActiveCfg = Release|Any CPU
		{42E2FFC8-F94A-4FA0-8838-35C7D4D04A8C}.Release|Any CPU.Build.0 = Release|Any CPU
		{42E2FFC8-F94A-4FA0-8838-35C7D4D04A8C}.Release|x64.ActiveCfg = Release|Any CPU
		{42E2FFC8-F94A-4FA0-8838-35C7D4D04A8C}.Release|x64.Build.0 = Release|Any CPU
		{42E2FFC8-F94A-4FA0-8838-35C7D4D04A8C}.Release|x86.ActiveCfg = Release|Any CPU
		{42E2FFC8-F94A-4FA0-8838-35C7D4D04A8C}.Release|x86.Build.0 = Release|Any CPU
		{E4C0DEED-6838-473E-A249-FEAC27C5F5E4}.Debug|Any CPU.ActiveCfg = Debug|Any CPU
		{E4C0DEED-6838-473E-A249-FEAC27C5F5E4}.Debug|Any CPU.Build.0 = Debug|Any CPU
		{E4C0DEED-6838-473E-A249-FEAC27C5F5E4}.Debug|x64.ActiveCfg = Debug|Any CPU
		{E4C0DEED-6838-473E-A249-FEAC27C5F5E4}.Debug|x64.Build.0 = Debug|Any CPU
		{E4C0DEED-6838-473E-A249-FEAC27C5F5E4}.Debug|x86.ActiveCfg = Debug|Any CPU
		{E4C0DEED-6838-473E-A249-FEAC27C5F5E4}.Debug|x86.Build.0 = Debug|Any CPU
		{E4C0DEED-6838-473E-A249-FEAC27C5F5E4}.Release|Any CPU.ActiveCfg = Release|Any CPU
		{E4C0DEED-6838-473E-A249-FEAC27C5F5E4}.Release|Any CPU.Build.0 = Release|Any CPU
		{E4C0DEED-6838-473E-A249-FEAC27C5F5E4}.Release|x64.ActiveCfg = Release|Any CPU
		{E4C0DEED-6838-473E-A249-FEAC27C5F5E4}.Release|x64.Build.0 = Release|Any CPU
		{E4C0DEED-6838-473E-A249-FEAC27C5F5E4}.Release|x86.ActiveCfg = Release|Any CPU
		{E4C0DEED-6838-473E-A249-FEAC27C5F5E4}.Release|x86.Build.0 = Release|Any CPU
		{081CDD23-F474-4E05-B1A6-47C0AA1C1483}.Debug|Any CPU.ActiveCfg = Debug|Any CPU
		{081CDD23-F474-4E05-B1A6-47C0AA1C1483}.Debug|Any CPU.Build.0 = Debug|Any CPU
		{081CDD23-F474-4E05-B1A6-47C0AA1C1483}.Debug|x64.ActiveCfg = Debug|Any CPU
		{081CDD23-F474-4E05-B1A6-47C0AA1C1483}.Debug|x64.Build.0 = Debug|Any CPU
		{081CDD23-F474-4E05-B1A6-47C0AA1C1483}.Debug|x86.ActiveCfg = Debug|Any CPU
		{081CDD23-F474-4E05-B1A6-47C0AA1C1483}.Debug|x86.Build.0 = Debug|Any CPU
		{081CDD23-F474-4E05-B1A6-47C0AA1C1483}.Release|Any CPU.ActiveCfg = Release|Any CPU
		{081CDD23-F474-4E05-B1A6-47C0AA1C1483}.Release|Any CPU.Build.0 = Release|Any CPU
		{081CDD23-F474-4E05-B1A6-47C0AA1C1483}.Release|x64.ActiveCfg = Release|Any CPU
		{081CDD23-F474-4E05-B1A6-47C0AA1C1483}.Release|x64.Build.0 = Release|Any CPU
		{081CDD23-F474-4E05-B1A6-47C0AA1C1483}.Release|x86.ActiveCfg = Release|Any CPU
		{081CDD23-F474-4E05-B1A6-47C0AA1C1483}.Release|x86.Build.0 = Release|Any CPU
		{CCA7E769-9A3E-441D-9FBC-E148CA5AA1B8}.Debug|Any CPU.ActiveCfg = Debug|Any CPU
		{CCA7E769-9A3E-441D-9FBC-E148CA5AA1B8}.Debug|Any CPU.Build.0 = Debug|Any CPU
		{CCA7E769-9A3E-441D-9FBC-E148CA5AA1B8}.Debug|x64.ActiveCfg = Debug|Any CPU
		{CCA7E769-9A3E-441D-9FBC-E148CA5AA1B8}.Debug|x64.Build.0 = Debug|Any CPU
		{CCA7E769-9A3E-441D-9FBC-E148CA5AA1B8}.Debug|x86.ActiveCfg = Debug|Any CPU
		{CCA7E769-9A3E-441D-9FBC-E148CA5AA1B8}.Debug|x86.Build.0 = Debug|Any CPU
		{CCA7E769-9A3E-441D-9FBC-E148CA5AA1B8}.Release|Any CPU.ActiveCfg = Release|Any CPU
		{CCA7E769-9A3E-441D-9FBC-E148CA5AA1B8}.Release|Any CPU.Build.0 = Release|Any CPU
		{CCA7E769-9A3E-441D-9FBC-E148CA5AA1B8}.Release|x64.ActiveCfg = Release|Any CPU
		{CCA7E769-9A3E-441D-9FBC-E148CA5AA1B8}.Release|x64.Build.0 = Release|Any CPU
		{CCA7E769-9A3E-441D-9FBC-E148CA5AA1B8}.Release|x86.ActiveCfg = Release|Any CPU
		{CCA7E769-9A3E-441D-9FBC-E148CA5AA1B8}.Release|x86.Build.0 = Release|Any CPU
		{35650912-8ECA-47B5-A478-16D890205DF9}.Debug|Any CPU.ActiveCfg = Debug|Any CPU
		{35650912-8ECA-47B5-A478-16D890205DF9}.Debug|Any CPU.Build.0 = Debug|Any CPU
		{35650912-8ECA-47B5-A478-16D890205DF9}.Debug|x64.ActiveCfg = Debug|Any CPU
		{35650912-8ECA-47B5-A478-16D890205DF9}.Debug|x64.Build.0 = Debug|Any CPU
		{35650912-8ECA-47B5-A478-16D890205DF9}.Debug|x86.ActiveCfg = Debug|Any CPU
		{35650912-8ECA-47B5-A478-16D890205DF9}.Debug|x86.Build.0 = Debug|Any CPU
		{35650912-8ECA-47B5-A478-16D890205DF9}.Release|Any CPU.ActiveCfg = Release|Any CPU
		{35650912-8ECA-47B5-A478-16D890205DF9}.Release|Any CPU.Build.0 = Release|Any CPU
		{35650912-8ECA-47B5-A478-16D890205DF9}.Release|x64.ActiveCfg = Release|Any CPU
		{35650912-8ECA-47B5-A478-16D890205DF9}.Release|x64.Build.0 = Release|Any CPU
		{35650912-8ECA-47B5-A478-16D890205DF9}.Release|x86.ActiveCfg = Release|Any CPU
		{35650912-8ECA-47B5-A478-16D890205DF9}.Release|x86.Build.0 = Release|Any CPU
		{AD94B7F9-EA7D-4438-AA90-897664BB1FC3}.Debug|Any CPU.ActiveCfg = Debug|Any CPU
		{AD94B7F9-EA7D-4438-AA90-897664BB1FC3}.Debug|Any CPU.Build.0 = Debug|Any CPU
		{AD94B7F9-EA7D-4438-AA90-897664BB1FC3}.Debug|x64.ActiveCfg = Debug|Any CPU
		{AD94B7F9-EA7D-4438-AA90-897664BB1FC3}.Debug|x64.Build.0 = Debug|Any CPU
		{AD94B7F9-EA7D-4438-AA90-897664BB1FC3}.Debug|x86.ActiveCfg = Debug|Any CPU
		{AD94B7F9-EA7D-4438-AA90-897664BB1FC3}.Debug|x86.Build.0 = Debug|Any CPU
		{AD94B7F9-EA7D-4438-AA90-897664BB1FC3}.Release|Any CPU.ActiveCfg = Release|Any CPU
		{AD94B7F9-EA7D-4438-AA90-897664BB1FC3}.Release|Any CPU.Build.0 = Release|Any CPU
		{AD94B7F9-EA7D-4438-AA90-897664BB1FC3}.Release|x64.ActiveCfg = Release|Any CPU
		{AD94B7F9-EA7D-4438-AA90-897664BB1FC3}.Release|x64.Build.0 = Release|Any CPU
		{AD94B7F9-EA7D-4438-AA90-897664BB1FC3}.Release|x86.ActiveCfg = Release|Any CPU
		{AD94B7F9-EA7D-4438-AA90-897664BB1FC3}.Release|x86.Build.0 = Release|Any CPU
		{1EB7EDAB-8CE0-4208-8395-B432D711159C}.Debug|Any CPU.ActiveCfg = Debug|Any CPU
		{1EB7EDAB-8CE0-4208-8395-B432D711159C}.Debug|Any CPU.Build.0 = Debug|Any CPU
		{1EB7EDAB-8CE0-4208-8395-B432D711159C}.Debug|x64.ActiveCfg = Debug|Any CPU
		{1EB7EDAB-8CE0-4208-8395-B432D711159C}.Debug|x64.Build.0 = Debug|Any CPU
		{1EB7EDAB-8CE0-4208-8395-B432D711159C}.Debug|x86.ActiveCfg = Debug|Any CPU
		{1EB7EDAB-8CE0-4208-8395-B432D711159C}.Debug|x86.Build.0 = Debug|Any CPU
		{1EB7EDAB-8CE0-4208-8395-B432D711159C}.Release|Any CPU.ActiveCfg = Release|Any CPU
		{1EB7EDAB-8CE0-4208-8395-B432D711159C}.Release|Any CPU.Build.0 = Release|Any CPU
		{1EB7EDAB-8CE0-4208-8395-B432D711159C}.Release|x64.ActiveCfg = Release|Any CPU
		{1EB7EDAB-8CE0-4208-8395-B432D711159C}.Release|x64.Build.0 = Release|Any CPU
		{1EB7EDAB-8CE0-4208-8395-B432D711159C}.Release|x86.ActiveCfg = Release|Any CPU
		{1EB7EDAB-8CE0-4208-8395-B432D711159C}.Release|x86.Build.0 = Release|Any CPU
		{A2FA7F4F-B22B-4B98-B95A-9F881AF414BD}.Debug|Any CPU.ActiveCfg = Debug|Any CPU
		{A2FA7F4F-B22B-4B98-B95A-9F881AF414BD}.Debug|Any CPU.Build.0 = Debug|Any CPU
		{A2FA7F4F-B22B-4B98-B95A-9F881AF414BD}.Debug|x64.ActiveCfg = Debug|Any CPU
		{A2FA7F4F-B22B-4B98-B95A-9F881AF414BD}.Debug|x64.Build.0 = Debug|Any CPU
		{A2FA7F4F-B22B-4B98-B95A-9F881AF414BD}.Debug|x86.ActiveCfg = Debug|Any CPU
		{A2FA7F4F-B22B-4B98-B95A-9F881AF414BD}.Debug|x86.Build.0 = Debug|Any CPU
		{A2FA7F4F-B22B-4B98-B95A-9F881AF414BD}.Release|Any CPU.ActiveCfg = Release|Any CPU
		{A2FA7F4F-B22B-4B98-B95A-9F881AF414BD}.Release|Any CPU.Build.0 = Release|Any CPU
		{A2FA7F4F-B22B-4B98-B95A-9F881AF414BD}.Release|x64.ActiveCfg = Release|Any CPU
		{A2FA7F4F-B22B-4B98-B95A-9F881AF414BD}.Release|x64.Build.0 = Release|Any CPU
		{A2FA7F4F-B22B-4B98-B95A-9F881AF414BD}.Release|x86.ActiveCfg = Release|Any CPU
		{A2FA7F4F-B22B-4B98-B95A-9F881AF414BD}.Release|x86.Build.0 = Release|Any CPU
		{F5FF9DAD-1235-46FA-9F24-2D0C346F1729}.Debug|Any CPU.ActiveCfg = Debug|Any CPU
		{F5FF9DAD-1235-46FA-9F24-2D0C346F1729}.Debug|Any CPU.Build.0 = Debug|Any CPU
		{F5FF9DAD-1235-46FA-9F24-2D0C346F1729}.Debug|x64.ActiveCfg = Debug|Any CPU
		{F5FF9DAD-1235-46FA-9F24-2D0C346F1729}.Debug|x64.Build.0 = Debug|Any CPU
		{F5FF9DAD-1235-46FA-9F24-2D0C346F1729}.Debug|x86.ActiveCfg = Debug|Any CPU
		{F5FF9DAD-1235-46FA-9F24-2D0C346F1729}.Debug|x86.Build.0 = Debug|Any CPU
		{F5FF9DAD-1235-46FA-9F24-2D0C346F1729}.Release|Any CPU.ActiveCfg = Release|Any CPU
		{F5FF9DAD-1235-46FA-9F24-2D0C346F1729}.Release|Any CPU.Build.0 = Release|Any CPU
		{F5FF9DAD-1235-46FA-9F24-2D0C346F1729}.Release|x64.ActiveCfg = Release|Any CPU
		{F5FF9DAD-1235-46FA-9F24-2D0C346F1729}.Release|x64.Build.0 = Release|Any CPU
		{F5FF9DAD-1235-46FA-9F24-2D0C346F1729}.Release|x86.ActiveCfg = Release|Any CPU
		{F5FF9DAD-1235-46FA-9F24-2D0C346F1729}.Release|x86.Build.0 = Release|Any CPU
		{F23AAED6-17FC-4E7C-8C1C-3DEC7ABC4B4C}.Debug|Any CPU.ActiveCfg = Debug|Any CPU
		{F23AAED6-17FC-4E7C-8C1C-3DEC7ABC4B4C}.Debug|Any CPU.Build.0 = Debug|Any CPU
		{F23AAED6-17FC-4E7C-8C1C-3DEC7ABC4B4C}.Debug|x64.ActiveCfg = Debug|Any CPU
		{F23AAED6-17FC-4E7C-8C1C-3DEC7ABC4B4C}.Debug|x64.Build.0 = Debug|Any CPU
		{F23AAED6-17FC-4E7C-8C1C-3DEC7ABC4B4C}.Debug|x86.ActiveCfg = Debug|Any CPU
		{F23AAED6-17FC-4E7C-8C1C-3DEC7ABC4B4C}.Debug|x86.Build.0 = Debug|Any CPU
		{F23AAED6-17FC-4E7C-8C1C-3DEC7ABC4B4C}.Release|Any CPU.ActiveCfg = Release|Any CPU
		{F23AAED6-17FC-4E7C-8C1C-3DEC7ABC4B4C}.Release|Any CPU.Build.0 = Release|Any CPU
		{F23AAED6-17FC-4E7C-8C1C-3DEC7ABC4B4C}.Release|x64.ActiveCfg = Release|Any CPU
		{F23AAED6-17FC-4E7C-8C1C-3DEC7ABC4B4C}.Release|x64.Build.0 = Release|Any CPU
		{F23AAED6-17FC-4E7C-8C1C-3DEC7ABC4B4C}.Release|x86.ActiveCfg = Release|Any CPU
		{F23AAED6-17FC-4E7C-8C1C-3DEC7ABC4B4C}.Release|x86.Build.0 = Release|Any CPU
		{19DFBA72-433A-45FF-B541-AA80DEF8D69F}.Debug|Any CPU.ActiveCfg = Debug|Any CPU
		{19DFBA72-433A-45FF-B541-AA80DEF8D69F}.Debug|Any CPU.Build.0 = Debug|Any CPU
		{19DFBA72-433A-45FF-B541-AA80DEF8D69F}.Debug|x64.ActiveCfg = Debug|Any CPU
		{19DFBA72-433A-45FF-B541-AA80DEF8D69F}.Debug|x64.Build.0 = Debug|Any CPU
		{19DFBA72-433A-45FF-B541-AA80DEF8D69F}.Debug|x86.ActiveCfg = Debug|Any CPU
		{19DFBA72-433A-45FF-B541-AA80DEF8D69F}.Debug|x86.Build.0 = Debug|Any CPU
		{19DFBA72-433A-45FF-B541-AA80DEF8D69F}.Release|Any CPU.ActiveCfg = Release|Any CPU
		{19DFBA72-433A-45FF-B541-AA80DEF8D69F}.Release|Any CPU.Build.0 = Release|Any CPU
		{19DFBA72-433A-45FF-B541-AA80DEF8D69F}.Release|x64.ActiveCfg = Release|Any CPU
		{19DFBA72-433A-45FF-B541-AA80DEF8D69F}.Release|x64.Build.0 = Release|Any CPU
		{19DFBA72-433A-45FF-B541-AA80DEF8D69F}.Release|x86.ActiveCfg = Release|Any CPU
		{19DFBA72-433A-45FF-B541-AA80DEF8D69F}.Release|x86.Build.0 = Release|Any CPU
		{9DB7BD46-DC02-43E3-80D1-74D517C83E4F}.Debug|Any CPU.ActiveCfg = Debug|Any CPU
		{9DB7BD46-DC02-43E3-80D1-74D517C83E4F}.Debug|Any CPU.Build.0 = Debug|Any CPU
		{9DB7BD46-DC02-43E3-80D1-74D517C83E4F}.Debug|x64.ActiveCfg = Debug|Any CPU
		{9DB7BD46-DC02-43E3-80D1-74D517C83E4F}.Debug|x64.Build.0 = Debug|Any CPU
		{9DB7BD46-DC02-43E3-80D1-74D517C83E4F}.Debug|x86.ActiveCfg = Debug|Any CPU
		{9DB7BD46-DC02-43E3-80D1-74D517C83E4F}.Debug|x86.Build.0 = Debug|Any CPU
		{9DB7BD46-DC02-43E3-80D1-74D517C83E4F}.Release|Any CPU.ActiveCfg = Release|Any CPU
		{9DB7BD46-DC02-43E3-80D1-74D517C83E4F}.Release|Any CPU.Build.0 = Release|Any CPU
		{9DB7BD46-DC02-43E3-80D1-74D517C83E4F}.Release|x64.ActiveCfg = Release|Any CPU
		{9DB7BD46-DC02-43E3-80D1-74D517C83E4F}.Release|x64.Build.0 = Release|Any CPU
		{9DB7BD46-DC02-43E3-80D1-74D517C83E4F}.Release|x86.ActiveCfg = Release|Any CPU
		{9DB7BD46-DC02-43E3-80D1-74D517C83E4F}.Release|x86.Build.0 = Release|Any CPU
		{0EA27E81-D3B1-4397-A69A-EA0DF30F9976}.Debug|Any CPU.ActiveCfg = Debug|Any CPU
		{0EA27E81-D3B1-4397-A69A-EA0DF30F9976}.Debug|Any CPU.Build.0 = Debug|Any CPU
		{0EA27E81-D3B1-4397-A69A-EA0DF30F9976}.Debug|x64.ActiveCfg = Debug|Any CPU
		{0EA27E81-D3B1-4397-A69A-EA0DF30F9976}.Debug|x64.Build.0 = Debug|Any CPU
		{0EA27E81-D3B1-4397-A69A-EA0DF30F9976}.Debug|x86.ActiveCfg = Debug|Any CPU
		{0EA27E81-D3B1-4397-A69A-EA0DF30F9976}.Debug|x86.Build.0 = Debug|Any CPU
		{0EA27E81-D3B1-4397-A69A-EA0DF30F9976}.Release|Any CPU.ActiveCfg = Release|Any CPU
		{0EA27E81-D3B1-4397-A69A-EA0DF30F9976}.Release|Any CPU.Build.0 = Release|Any CPU
		{0EA27E81-D3B1-4397-A69A-EA0DF30F9976}.Release|x64.ActiveCfg = Release|Any CPU
		{0EA27E81-D3B1-4397-A69A-EA0DF30F9976}.Release|x64.Build.0 = Release|Any CPU
		{0EA27E81-D3B1-4397-A69A-EA0DF30F9976}.Release|x86.ActiveCfg = Release|Any CPU
		{0EA27E81-D3B1-4397-A69A-EA0DF30F9976}.Release|x86.Build.0 = Release|Any CPU
		{2FAADCB2-7843-4FA9-8545-DBC55B0FA469}.Debug|Any CPU.ActiveCfg = Debug|Any CPU
		{2FAADCB2-7843-4FA9-8545-DBC55B0FA469}.Debug|Any CPU.Build.0 = Debug|Any CPU
		{2FAADCB2-7843-4FA9-8545-DBC55B0FA469}.Debug|x64.ActiveCfg = Debug|Any CPU
		{2FAADCB2-7843-4FA9-8545-DBC55B0FA469}.Debug|x64.Build.0 = Debug|Any CPU
		{2FAADCB2-7843-4FA9-8545-DBC55B0FA469}.Debug|x86.ActiveCfg = Debug|Any CPU
		{2FAADCB2-7843-4FA9-8545-DBC55B0FA469}.Debug|x86.Build.0 = Debug|Any CPU
		{2FAADCB2-7843-4FA9-8545-DBC55B0FA469}.Release|Any CPU.ActiveCfg = Release|Any CPU
		{2FAADCB2-7843-4FA9-8545-DBC55B0FA469}.Release|Any CPU.Build.0 = Release|Any CPU
		{2FAADCB2-7843-4FA9-8545-DBC55B0FA469}.Release|x64.ActiveCfg = Release|Any CPU
		{2FAADCB2-7843-4FA9-8545-DBC55B0FA469}.Release|x64.Build.0 = Release|Any CPU
		{2FAADCB2-7843-4FA9-8545-DBC55B0FA469}.Release|x86.ActiveCfg = Release|Any CPU
		{2FAADCB2-7843-4FA9-8545-DBC55B0FA469}.Release|x86.Build.0 = Release|Any CPU
		{52A56A9C-B1BE-4086-BF33-8EE507C9881B}.Debug|Any CPU.ActiveCfg = Debug|Any CPU
		{52A56A9C-B1BE-4086-BF33-8EE507C9881B}.Debug|Any CPU.Build.0 = Debug|Any CPU
		{52A56A9C-B1BE-4086-BF33-8EE507C9881B}.Debug|x64.ActiveCfg = Debug|Any CPU
		{52A56A9C-B1BE-4086-BF33-8EE507C9881B}.Debug|x64.Build.0 = Debug|Any CPU
		{52A56A9C-B1BE-4086-BF33-8EE507C9881B}.Debug|x86.ActiveCfg = Debug|Any CPU
		{52A56A9C-B1BE-4086-BF33-8EE507C9881B}.Debug|x86.Build.0 = Debug|Any CPU
		{52A56A9C-B1BE-4086-BF33-8EE507C9881B}.Release|Any CPU.ActiveCfg = Release|Any CPU
		{52A56A9C-B1BE-4086-BF33-8EE507C9881B}.Release|Any CPU.Build.0 = Release|Any CPU
		{52A56A9C-B1BE-4086-BF33-8EE507C9881B}.Release|x64.ActiveCfg = Release|Any CPU
		{52A56A9C-B1BE-4086-BF33-8EE507C9881B}.Release|x64.Build.0 = Release|Any CPU
		{52A56A9C-B1BE-4086-BF33-8EE507C9881B}.Release|x86.ActiveCfg = Release|Any CPU
		{52A56A9C-B1BE-4086-BF33-8EE507C9881B}.Release|x86.Build.0 = Release|Any CPU
		{E56D22D6-B8B7-4148-8C39-E123112DBD6E}.Debug|Any CPU.ActiveCfg = Debug|Any CPU
		{E56D22D6-B8B7-4148-8C39-E123112DBD6E}.Debug|Any CPU.Build.0 = Debug|Any CPU
		{E56D22D6-B8B7-4148-8C39-E123112DBD6E}.Debug|x64.ActiveCfg = Debug|Any CPU
		{E56D22D6-B8B7-4148-8C39-E123112DBD6E}.Debug|x64.Build.0 = Debug|Any CPU
		{E56D22D6-B8B7-4148-8C39-E123112DBD6E}.Debug|x86.ActiveCfg = Debug|Any CPU
		{E56D22D6-B8B7-4148-8C39-E123112DBD6E}.Debug|x86.Build.0 = Debug|Any CPU
		{E56D22D6-B8B7-4148-8C39-E123112DBD6E}.Release|Any CPU.ActiveCfg = Release|Any CPU
		{E56D22D6-B8B7-4148-8C39-E123112DBD6E}.Release|Any CPU.Build.0 = Release|Any CPU
		{E56D22D6-B8B7-4148-8C39-E123112DBD6E}.Release|x64.ActiveCfg = Release|Any CPU
		{E56D22D6-B8B7-4148-8C39-E123112DBD6E}.Release|x64.Build.0 = Release|Any CPU
		{E56D22D6-B8B7-4148-8C39-E123112DBD6E}.Release|x86.ActiveCfg = Release|Any CPU
		{E56D22D6-B8B7-4148-8C39-E123112DBD6E}.Release|x86.Build.0 = Release|Any CPU
		{5FD09CB6-3308-4217-B24E-E8E8C2134CAB}.Debug|Any CPU.ActiveCfg = Debug|Any CPU
		{5FD09CB6-3308-4217-B24E-E8E8C2134CAB}.Debug|Any CPU.Build.0 = Debug|Any CPU
		{5FD09CB6-3308-4217-B24E-E8E8C2134CAB}.Debug|x64.ActiveCfg = Debug|Any CPU
		{5FD09CB6-3308-4217-B24E-E8E8C2134CAB}.Debug|x64.Build.0 = Debug|Any CPU
		{5FD09CB6-3308-4217-B24E-E8E8C2134CAB}.Debug|x86.ActiveCfg = Debug|Any CPU
		{5FD09CB6-3308-4217-B24E-E8E8C2134CAB}.Debug|x86.Build.0 = Debug|Any CPU
		{5FD09CB6-3308-4217-B24E-E8E8C2134CAB}.Release|Any CPU.ActiveCfg = Release|Any CPU
		{5FD09CB6-3308-4217-B24E-E8E8C2134CAB}.Release|Any CPU.Build.0 = Release|Any CPU
		{5FD09CB6-3308-4217-B24E-E8E8C2134CAB}.Release|x64.ActiveCfg = Release|Any CPU
		{5FD09CB6-3308-4217-B24E-E8E8C2134CAB}.Release|x64.Build.0 = Release|Any CPU
		{5FD09CB6-3308-4217-B24E-E8E8C2134CAB}.Release|x86.ActiveCfg = Release|Any CPU
		{5FD09CB6-3308-4217-B24E-E8E8C2134CAB}.Release|x86.Build.0 = Release|Any CPU
		{FC112415-CA38-4511-901E-84372408C904}.Debug|Any CPU.ActiveCfg = Debug|Any CPU
		{FC112415-CA38-4511-901E-84372408C904}.Debug|Any CPU.Build.0 = Debug|Any CPU
		{FC112415-CA38-4511-901E-84372408C904}.Debug|x64.ActiveCfg = Debug|Any CPU
		{FC112415-CA38-4511-901E-84372408C904}.Debug|x64.Build.0 = Debug|Any CPU
		{FC112415-CA38-4511-901E-84372408C904}.Debug|x86.ActiveCfg = Debug|Any CPU
		{FC112415-CA38-4511-901E-84372408C904}.Debug|x86.Build.0 = Debug|Any CPU
		{FC112415-CA38-4511-901E-84372408C904}.Release|Any CPU.ActiveCfg = Release|Any CPU
		{FC112415-CA38-4511-901E-84372408C904}.Release|Any CPU.Build.0 = Release|Any CPU
		{FC112415-CA38-4511-901E-84372408C904}.Release|x64.ActiveCfg = Release|Any CPU
		{FC112415-CA38-4511-901E-84372408C904}.Release|x64.Build.0 = Release|Any CPU
		{FC112415-CA38-4511-901E-84372408C904}.Release|x86.ActiveCfg = Release|Any CPU
		{FC112415-CA38-4511-901E-84372408C904}.Release|x86.Build.0 = Release|Any CPU
		{04ED18B8-DA77-4FB3-A787-0CA55C4F4ED7}.Debug|Any CPU.ActiveCfg = Debug|Any CPU
		{04ED18B8-DA77-4FB3-A787-0CA55C4F4ED7}.Debug|Any CPU.Build.0 = Debug|Any CPU
		{04ED18B8-DA77-4FB3-A787-0CA55C4F4ED7}.Debug|x64.ActiveCfg = Debug|Any CPU
		{04ED18B8-DA77-4FB3-A787-0CA55C4F4ED7}.Debug|x64.Build.0 = Debug|Any CPU
		{04ED18B8-DA77-4FB3-A787-0CA55C4F4ED7}.Debug|x86.ActiveCfg = Debug|Any CPU
		{04ED18B8-DA77-4FB3-A787-0CA55C4F4ED7}.Debug|x86.Build.0 = Debug|Any CPU
		{04ED18B8-DA77-4FB3-A787-0CA55C4F4ED7}.Release|Any CPU.ActiveCfg = Release|Any CPU
		{04ED18B8-DA77-4FB3-A787-0CA55C4F4ED7}.Release|Any CPU.Build.0 = Release|Any CPU
		{04ED18B8-DA77-4FB3-A787-0CA55C4F4ED7}.Release|x64.ActiveCfg = Release|Any CPU
		{04ED18B8-DA77-4FB3-A787-0CA55C4F4ED7}.Release|x64.Build.0 = Release|Any CPU
		{04ED18B8-DA77-4FB3-A787-0CA55C4F4ED7}.Release|x86.ActiveCfg = Release|Any CPU
		{04ED18B8-DA77-4FB3-A787-0CA55C4F4ED7}.Release|x86.Build.0 = Release|Any CPU
		{44FF894E-937C-470C-A513-AC2B2AF0FDA6}.Debug|Any CPU.ActiveCfg = Debug|Any CPU
		{44FF894E-937C-470C-A513-AC2B2AF0FDA6}.Debug|Any CPU.Build.0 = Debug|Any CPU
		{44FF894E-937C-470C-A513-AC2B2AF0FDA6}.Debug|x64.ActiveCfg = Debug|Any CPU
		{44FF894E-937C-470C-A513-AC2B2AF0FDA6}.Debug|x64.Build.0 = Debug|Any CPU
		{44FF894E-937C-470C-A513-AC2B2AF0FDA6}.Debug|x86.ActiveCfg = Debug|Any CPU
		{44FF894E-937C-470C-A513-AC2B2AF0FDA6}.Debug|x86.Build.0 = Debug|Any CPU
		{44FF894E-937C-470C-A513-AC2B2AF0FDA6}.Release|Any CPU.ActiveCfg = Release|Any CPU
		{44FF894E-937C-470C-A513-AC2B2AF0FDA6}.Release|Any CPU.Build.0 = Release|Any CPU
		{44FF894E-937C-470C-A513-AC2B2AF0FDA6}.Release|x64.ActiveCfg = Release|Any CPU
		{44FF894E-937C-470C-A513-AC2B2AF0FDA6}.Release|x64.Build.0 = Release|Any CPU
		{44FF894E-937C-470C-A513-AC2B2AF0FDA6}.Release|x86.ActiveCfg = Release|Any CPU
		{44FF894E-937C-470C-A513-AC2B2AF0FDA6}.Release|x86.Build.0 = Release|Any CPU
		{670A51E8-EBD7-4D61-9368-623D08D83E10}.Debug|Any CPU.ActiveCfg = Debug|Any CPU
		{670A51E8-EBD7-4D61-9368-623D08D83E10}.Debug|Any CPU.Build.0 = Debug|Any CPU
		{670A51E8-EBD7-4D61-9368-623D08D83E10}.Debug|x64.ActiveCfg = Debug|Any CPU
		{670A51E8-EBD7-4D61-9368-623D08D83E10}.Debug|x64.Build.0 = Debug|Any CPU
		{670A51E8-EBD7-4D61-9368-623D08D83E10}.Debug|x86.ActiveCfg = Debug|Any CPU
		{670A51E8-EBD7-4D61-9368-623D08D83E10}.Debug|x86.Build.0 = Debug|Any CPU
		{670A51E8-EBD7-4D61-9368-623D08D83E10}.Release|Any CPU.ActiveCfg = Release|Any CPU
		{670A51E8-EBD7-4D61-9368-623D08D83E10}.Release|Any CPU.Build.0 = Release|Any CPU
		{670A51E8-EBD7-4D61-9368-623D08D83E10}.Release|x64.ActiveCfg = Release|Any CPU
		{670A51E8-EBD7-4D61-9368-623D08D83E10}.Release|x64.Build.0 = Release|Any CPU
		{670A51E8-EBD7-4D61-9368-623D08D83E10}.Release|x86.ActiveCfg = Release|Any CPU
		{670A51E8-EBD7-4D61-9368-623D08D83E10}.Release|x86.Build.0 = Release|Any CPU
	EndGlobalSection
	GlobalSection(SolutionProperties) = preSolution
		HideSolutionNode = FALSE
	EndGlobalSection
	GlobalSection(NestedProjects) = preSolution
		{589161A9-114D-DA97-8BC8-A5330634F303} = {5854FF58-B8C5-05C6-5BF2-ACE42193F22B}
		{92283FE3-FD4A-4FF6-BC19-237FC6798F2B} = {589161A9-114D-DA97-8BC8-A5330634F303}
		{730F1B3A-37F4-4F60-A8B6-DDD0B3CB0C2F} = {589161A9-114D-DA97-8BC8-A5330634F303}
		{832F867A-28BA-4EFC-B533-021881D97ECE} = {589161A9-114D-DA97-8BC8-A5330634F303}
		{0380FC2A-B531-41B6-B26D-8C34AF3EF059} = {589161A9-114D-DA97-8BC8-A5330634F303}
		{EAAE9B3A-A7D9-45DF-8560-3DBA48FD2711} = {7266C4A9-E384-DC00-0EB6-47F6002CFBA7}
		{E452B928-EE75-42D6-94A8-90DCF93FF766} = {7266C4A9-E384-DC00-0EB6-47F6002CFBA7}
		{93BF9F5C-DF61-4B01-86E4-2DFE8DF8DAD7} = {7266C4A9-E384-DC00-0EB6-47F6002CFBA7}
		{3479380D-E83A-4B1A-A5C9-06BA50609185} = {7266C4A9-E384-DC00-0EB6-47F6002CFBA7}
		{E07968CA-9AE7-4B31-9646-30BD2CE68905} = {7266C4A9-E384-DC00-0EB6-47F6002CFBA7}
		{9F256B00-DE8F-4568-8FBD-DD0F188BF090} = {7266C4A9-E384-DC00-0EB6-47F6002CFBA7}
		{23C7B27E-EC4E-406E-B744-E049D9AE5FD7} = {7266C4A9-E384-DC00-0EB6-47F6002CFBA7}
		{75BBB701-86E4-11CD-7151-6ADF65564A7B} = {CA253913-39DE-BFD0-C9A3-4B7EC6FBDF17}
		{2D70F61F-3FB5-4C1E-BEAA-DB19BA4E9AA5} = {75BBB701-86E4-11CD-7151-6ADF65564A7B}
		{CB3A079C-A400-4232-87A9-C15DB3111767} = {75BBB701-86E4-11CD-7151-6ADF65564A7B}
		{FE3FB199-55FF-42D1-1FD0-08473B5A7350} = {5854FF58-B8C5-05C6-5BF2-ACE42193F22B}
		{2AD9263E-1EFC-4403-A977-E7BCDD1A0F47} = {FE3FB199-55FF-42D1-1FD0-08473B5A7350}
		{42E2FFC8-F94A-4FA0-8838-35C7D4D04A8C} = {FE3FB199-55FF-42D1-1FD0-08473B5A7350}
		{E4C0DEED-6838-473E-A249-FEAC27C5F5E4} = {FE3FB199-55FF-42D1-1FD0-08473B5A7350}
		{081CDD23-F474-4E05-B1A6-47C0AA1C1483} = {FE3FB199-55FF-42D1-1FD0-08473B5A7350}
		{8472ABD4-6AD8-197C-EF5B-CF36BE2D6BEF} = {CA253913-39DE-BFD0-C9A3-4B7EC6FBDF17}
		{CCA7E769-9A3E-441D-9FBC-E148CA5AA1B8} = {8472ABD4-6AD8-197C-EF5B-CF36BE2D6BEF}
		{35650912-8ECA-47B5-A478-16D890205DF9} = {8472ABD4-6AD8-197C-EF5B-CF36BE2D6BEF}
		{AD94B7F9-EA7D-4438-AA90-897664BB1FC3} = {7266C4A9-E384-DC00-0EB6-47F6002CFBA7}
		{C84DB542-2138-8C8B-04E5-8DBA2AC9CC79} = {5854FF58-B8C5-05C6-5BF2-ACE42193F22B}
		{1EB7EDAB-8CE0-4208-8395-B432D711159C} = {C84DB542-2138-8C8B-04E5-8DBA2AC9CC79}
		{A2FA7F4F-B22B-4B98-B95A-9F881AF414BD} = {C84DB542-2138-8C8B-04E5-8DBA2AC9CC79}
		{F5FF9DAD-1235-46FA-9F24-2D0C346F1729} = {C84DB542-2138-8C8B-04E5-8DBA2AC9CC79}
		{F23AAED6-17FC-4E7C-8C1C-3DEC7ABC4B4C} = {7266C4A9-E384-DC00-0EB6-47F6002CFBA7}
		{19DFBA72-433A-45FF-B541-AA80DEF8D69F} = {7266C4A9-E384-DC00-0EB6-47F6002CFBA7}
		{9DB7BD46-DC02-43E3-80D1-74D517C83E4F} = {7266C4A9-E384-DC00-0EB6-47F6002CFBA7}
		{03FAD54A-6E03-5864-6D7B-18C11DED3A2F} = {5854FF58-B8C5-05C6-5BF2-ACE42193F22B}
		{0EA27E81-D3B1-4397-A69A-EA0DF30F9976} = {03FAD54A-6E03-5864-6D7B-18C11DED3A2F}
		{2FAADCB2-7843-4FA9-8545-DBC55B0FA469} = {03FAD54A-6E03-5864-6D7B-18C11DED3A2F}
		{52A56A9C-B1BE-4086-BF33-8EE507C9881B} = {03FAD54A-6E03-5864-6D7B-18C11DED3A2F}
		{E56D22D6-B8B7-4148-8C39-E123112DBD6E} = {03FAD54A-6E03-5864-6D7B-18C11DED3A2F}
		{79308485-7A87-9984-5211-E5AEAC8AB73E} = {5854FF58-B8C5-05C6-5BF2-ACE42193F22B}
		{5FD09CB6-3308-4217-B24E-E8E8C2134CAB} = {79308485-7A87-9984-5211-E5AEAC8AB73E}
		{FC112415-CA38-4511-901E-84372408C904} = {79308485-7A87-9984-5211-E5AEAC8AB73E}
		{04ED18B8-DA77-4FB3-A787-0CA55C4F4ED7} = {79308485-7A87-9984-5211-E5AEAC8AB73E}
		{44FF894E-937C-470C-A513-AC2B2AF0FDA6} = {7266C4A9-E384-DC00-0EB6-47F6002CFBA7}
		{670A51E8-EBD7-4D61-9368-623D08D83E10} = {7266C4A9-E384-DC00-0EB6-47F6002CFBA7}
	EndGlobalSection
EndGlobal
